
Microsoft Visual Studio Solution File, Format Version 12.00
# Visual Studio Version 17
VisualStudioVersion = 17.1.32210.238
MinimumVisualStudioVersion = 10.0.40219.1
Project("{FAE04EC0-301F-11D3-BF4B-00C04F79EFBC}") = "BL", "BL\BL.csproj", "{B005C5C1-B9AA-4B3E-B979-4CFCDFF41EC4}"
EndProject
Project("{FAE04EC0-301F-11D3-BF4B-00C04F79EFBC}") = "DL", "DL\DL.csproj", "{049F8F7D-25C9-4187-ABC1-445A8022E022}"
EndProject
Project("{FAE04EC0-301F-11D3-BF4B-00C04F79EFBC}") = "ML", "ML\ML.csproj", "{A806594E-E0D6-4F56-817B-AFAF893EB941}"
EndProject
Project("{FAE04EC0-301F-11D3-BF4B-00C04F79EFBC}") = "PL", "PL\PL.csproj", "{D754CA51-A592-40B1-8725-E0B96885F7BC}"
EndProject
Project("{FAE04EC0-301F-11D3-BF4B-00C04F79EFBC}") = "DL_EF", "DL_EF\DL_EF.csproj", "{27DB6E7D-9765-464A-8EE3-6621379CA68D}"
EndProject
Project("{FAE04EC0-301F-11D3-BF4B-00C04F79EFBC}") = "PL_MVC", "PL_MVC\PL_MVC.csproj", "{3B457712-1285-4727-844C-DBD2E172BAFC}"
EndProject
Global
	GlobalSection(SolutionConfigurationPlatforms) = preSolution
		Debug|Any CPU = Debug|Any CPU
		Release|Any CPU = Release|Any CPU
	EndGlobalSection
	GlobalSection(ProjectConfigurationPlatforms) = postSolution
		{B005C5C1-B9AA-4B3E-B979-4CFCDFF41EC4}.Debug|Any CPU.ActiveCfg = Debug|Any CPU
		{B005C5C1-B9AA-4B3E-B979-4CFCDFF41EC4}.Debug|Any CPU.Build.0 = Debug|Any CPU
		{B005C5C1-B9AA-4B3E-B979-4CFCDFF41EC4}.Release|Any CPU.ActiveCfg = Release|Any CPU
		{B005C5C1-B9AA-4B3E-B979-4CFCDFF41EC4}.Release|Any CPU.Build.0 = Release|Any CPU
		{049F8F7D-25C9-4187-ABC1-445A8022E022}.Debug|Any CPU.ActiveCfg = Debug|Any CPU
		{049F8F7D-25C9-4187-ABC1-445A8022E022}.Debug|Any CPU.Build.0 = Debug|Any CPU
		{049F8F7D-25C9-4187-ABC1-445A8022E022}.Release|Any CPU.ActiveCfg = Release|Any CPU
		{049F8F7D-25C9-4187-ABC1-445A8022E022}.Release|Any CPU.Build.0 = Release|Any CPU
		{A806594E-E0D6-4F56-817B-AFAF893EB941}.Debug|Any CPU.ActiveCfg = Debug|Any CPU
		{A806594E-E0D6-4F56-817B-AFAF893EB941}.Debug|Any CPU.Build.0 = Debug|Any CPU
		{A806594E-E0D6-4F56-817B-AFAF893EB941}.Release|Any CPU.ActiveCfg = Release|Any CPU
		{A806594E-E0D6-4F56-817B-AFAF893EB941}.Release|Any CPU.Build.0 = Release|Any CPU
		{D754CA51-A592-40B1-8725-E0B96885F7BC}.Debug|Any CPU.ActiveCfg = Debug|Any CPU
		{D754CA51-A592-40B1-8725-E0B96885F7BC}.Debug|Any CPU.Build.0 = Debug|Any CPU
		{D754CA51-A592-40B1-8725-E0B96885F7BC}.Release|Any CPU.ActiveCfg = Release|Any CPU
		{D754CA51-A592-40B1-8725-E0B96885F7BC}.Release|Any CPU.Build.0 = Release|Any CPU
		{27DB6E7D-9765-464A-8EE3-6621379CA68D}.Debug|Any CPU.ActiveCfg = Debug|Any CPU
		{27DB6E7D-9765-464A-8EE3-6621379CA68D}.Debug|Any CPU.Build.0 = Debug|Any CPU
		{27DB6E7D-9765-464A-8EE3-6621379CA68D}.Release|Any CPU.ActiveCfg = Release|Any CPU
		{27DB6E7D-9765-464A-8EE3-6621379CA68D}.Release|Any CPU.Build.0 = Release|Any CPU
		{3B457712-1285-4727-844C-DBD2E172BAFC}.Debug|Any CPU.ActiveCfg = Debug|Any CPU
		{3B457712-1285-4727-844C-DBD2E172BAFC}.Debug|Any CPU.Build.0 = Debug|Any CPU
		{3B457712-1285-4727-844C-DBD2E172BAFC}.Release|Any CPU.ActiveCfg = Release|Any CPU
		{3B457712-1285-4727-844C-DBD2E172BAFC}.Release|Any CPU.Build.0 = Release|Any CPU
	EndGlobalSection
	GlobalSection(SolutionProperties) = preSolution
		HideSolutionNode = FALSE
	EndGlobalSection
	GlobalSection(ExtensibilityGlobals) = postSolution
		SolutionGuid = {1C1C147B-8AD8-4FAD-A815-75F06DA8799A}
	EndGlobalSection
EndGlobal
